
Microsoft Visual Studio Solution File, Format Version 12.00
# Visual Studio Version 17
VisualStudioVersion = 17.11.35219.272
MinimumVisualStudioVersion = 10.0.40219.1
Project("{FAE04EC0-301F-11D3-BF4B-00C04F79EFBC}") = "ControleEnderecos", "ControleEnderecos\ControleEnderecos.csproj", "{0E2C3146-E6D3-4108-A3F2-88F76563B303}"
EndProject
Global
	GlobalSection(SolutionConfigurationPlatforms) = preSolution
		Debug|Any CPU = Debug|Any CPU
		Release|Any CPU = Release|Any CPU
	EndGlobalSection
	GlobalSection(ProjectConfigurationPlatforms) = postSolution
		{0E2C3146-E6D3-4108-A3F2-88F76563B303}.Debug|Any CPU.ActiveCfg = Debug|Any CPU
		{0E2C3146-E6D3-4108-A3F2-88F76563B303}.Debug|Any CPU.Build.0 = Debug|Any CPU
		{0E2C3146-E6D3-4108-A3F2-88F76563B303}.Release|Any CPU.ActiveCfg = Release|Any CPU
		{0E2C3146-E6D3-4108-A3F2-88F76563B303}.Release|Any CPU.Build.0 = Release|Any CPU
	EndGlobalSection
	GlobalSection(SolutionProperties) = preSolution
		HideSolutionNode = FALSE
	EndGlobalSection
	GlobalSection(ExtensibilityGlobals) = postSolution
		SolutionGuid = {34670974-4D85-4BD1-9EA0-6C71BE0618DD}
	EndGlobalSection
EndGlobal
